PODS:
  - Alamofire (5.3.0)
  - ios_libs (0.1.1):
    - Alamofire
  - SkeletonView (1.11.0)

DEPENDENCIES:
  - ios_libs (~> 0.1.1)
  - SkeletonView

SPEC REPOS:
  https://github.com/CocoaPods/Specs.git:
    - Alamofire
  https://github.com/miituo/ios_libs_podspec.git:
    - ios_libs
  trunk:
    - SkeletonView

SPEC CHECKSUMS:
  Alamofire: 2c792affbdc2f18016e08fdbcacd60aebe1ba593
  ios_libs: 476dc9a5166988bc61dc9c1ce5263619a852c2ae
  SkeletonView: cc84ce90a804dd0dd7198dd802833411c8a64eaf

PODFILE CHECKSUM: 290686af9d5dc57c6f86446addf2b2112a559d35

COCOAPODS: 1.9.3
