// !$*UTF8*$!
{
	archiveVersion = 1;
	classes = {
	};
	objectVersion = 51;
	objects = {

/* Begin PBXBuildFile section */
		C0C246B22551B76A00B9865C /* AppDelegate.swift in Sources */ = {isa = PBXBuildFile; fileRef = C0C246B12551B76A00B9865C /* AppDelegate.swift */; };
		C0C246B62551B76A00B9865C /* ViewController.swift in Sources */ = {isa = PBXBuildFile; fileRef = C0C246B52551B76A00B9865C /* ViewController.swift */; };
		C0C246B92551B76A00B9865C /* Main.storyboard in Resources */ = {isa = PBXBuildFile; fileRef = C0C246B72551B76A00B9865C /* Main.storyboard */; };
		C0C246BB2551B77000B9865C /* Assets.xcassets in Resources */ = {isa = PBXBuildFile; fileRef = C0C246BA2551B77000B9865C /* Assets.xcassets */; };
		C0C246BE2551B77000B9865C /* LaunchScreen.storyboard in Resources */ = {isa = PBXBuildFile; fileRef = C0C246BC2551B77000B9865C /* LaunchScreen.storyboard */; };
		FCE21A32ED64250D35B8AF52 /* Pods_UsingLibSample.framework in Frameworks */ = {isa = PBXBuildFile; fileRef = 4AC13A212AD3F4F924FD9CEC /* Pods_UsingLibSample.framework */; };
/* End PBXBuildFile section */

/* Begin PBXFileReference section */
		4AC13A212AD3F4F924FD9CEC /* Pods_UsingLibSample.framework */ = {isa = PBXFileReference; explicitFileType = wrapper.framework; includeInIndex = 0; path = Pods_UsingLibSample.framework; sourceTree = BUILT_PRODUCTS_DIR; };
		79E8DE6698C5925C79D6A98B /* Pods-UsingLibSample.debug.xcconfig */ = {isa = PBXFileReference; includeInIndex = 1; lastKnownFileType = text.xcconfig; name = "Pods-UsingLibSample.debug.xcconfig"; path = "Target Support Files/Pods-UsingLibSample/Pods-UsingLibSample.debug.xcconfig"; sourceTree = "<group>"; };
		7D9CD1798CB14E0B61D505A2 /* Pods-UsingLibSample.release.xcconfig */ = {isa = PBXFileReference; includeInIndex = 1; lastKnownFileType = text.xcconfig; name = "Pods-UsingLibSample.release.xcconfig"; path = "Target Support Files/Pods-UsingLibSample/Pods-UsingLibSample.release.xcconfig"; sourceTree = "<group>"; };
		C0C246AE2551B76A00B9865C /* UsingLibSample.app */ = {isa = PBXFileReference; explicitFileType = wrapper.application; includeInIndex = 0; path = UsingLibSample.app; sourceTree = BUILT_PRODUCTS_DIR; };
		C0C246B12551B76A00B9865C /* AppDelegate.swift */ = {isa = PBXFileReference; lastKnownFileType = sourcecode.swift; path = AppDelegate.swift; sourceTree = "<group>"; };
		C0C246B52551B76A00B9865C /* ViewController.swift */ = {isa = PBXFileReference; lastKnownFileType = sourcecode.swift; path = ViewController.swift; sourceTree = "<group>"; };
		C0C246B82551B76A00B9865C /* Base */ = {isa = PBXFileReference; lastKnownFileType = file.storyboard; name = Base; path = Base.lproj/Main.storyboard; sourceTree = "<group>"; };
		C0C246BA2551B77000B9865C /* Assets.xcassets */ = {isa = PBXFileReference; lastKnownFileType = folder.assetcatalog; path = Assets.xcassets; sourceTree = "<group>"; };
		C0C246BD2551B77000B9865C /* Base */ = {isa = PBXFileReference; lastKnownFileType = file.storyboard; name = Base; path = Base.lproj/LaunchScreen.storyboard; sourceTree = "<group>"; };
		C0C246BF2551B77000B9865C /* Info.plist */ = {isa = PBXFileReference; lastKnownFileType = text.plist.xml; path = Info.plist; sourceTree = "<group>"; };
/* End PBXFileReference section */

/* Begin PBXFrameworksBuildPhase section */
		C0C246AB2551B76A00B9865C /* Frameworks */ = {
			isa = PBXFrameworksBuildPhase;
			buildActionMask = 2147483647;
			files = (
				FCE21A32ED64250D35B8AF52 /* Pods_UsingLibSample.framework in Frameworks */,
			);
			runOnlyForDeploymentPostprocessing = 0;
		};
/* End PBXFrameworksBuildPhase section */

/* Begin PBXGroup section */
		69C211912BF19DF8C8DA9F7B /* Pods */ = {
			isa = PBXGroup;
			children = (
				79E8DE6698C5925C79D6A98B /* Pods-UsingLibSample.debug.xcconfig */,
				7D9CD1798CB14E0B61D505A2 /* Pods-UsingLibSample.release.xcconfig */,
			);
			path = Pods;
			sourceTree = "<group>";
		};
		771F94F4C4C32C3B2DE81A0B /* Frameworks */ = {
			isa = PBXGroup;
			children = (
				4AC13A212AD3F4F924FD9CEC /* Pods_UsingLibSample.framework */,
			);
			name = Frameworks;
			sourceTree = "<group>";
		};
		C0C246A52551B76A00B9865C = {
			isa = PBXGroup;
			children = (
				C0C246B02551B76A00B9865C /* UsingLibSample */,
				C0C246AF2551B76A00B9865C /* Products */,
				69C211912BF19DF8C8DA9F7B /* Pods */,
				771F94F4C4C32C3B2DE81A0B /* Frameworks */,
			);
			sourceTree = "<group>";
		};
		C0C246AF2551B76A00B9865C /* Products */ = {
			isa = PBXGroup;
			children = (
				C0C246AE2551B76A00B9865C /* UsingLibSample.app */,
			);
			name = Products;
			sourceTree = "<group>";
		};
		C0C246B02551B76A00B9865C /* UsingLibSample */ = {
			isa = PBXGroup;
			children = (
				C0C246B12551B76A00B9865C /* AppDelegate.swift */,
				C0C246B52551B76A00B9865C /* ViewController.swift */,
				C0C246B72551B76A00B9865C /* Main.storyboard */,
				C0C246BA2551B77000B9865C /* Assets.xcassets */,
				C0C246BC2551B77000B9865C /* LaunchScreen.storyboard */,
				C0C246BF2551B77000B9865C /* Info.plist */,
			);
			path = UsingLibSample;
			sourceTree = "<group>";
		};
/* End PBXGroup section */

/* Begin PBXNativeTarget section */
		C0C246AD2551B76A00B9865C /* UsingLibSample */ = {
			isa = PBXNativeTarget;
			buildConfigurationList = C0C246C22551B77000B9865C /* Build configuration list for PBXNativeTarget "UsingLibSample" */;
			buildPhases = (
				2BB896A481C51F6C197F12E7 /* [CP] Check Pods Manifest.lock */,
				C0C246AA2551B76A00B9865C /* Sources */,
				C0C246AB2551B76A00B9865C /* Frameworks */,
				C0C246AC2551B76A00B9865C /* Resources */,
				59B842BFFCEA57BD0F36DAB0 /* [CP] Embed Pods Frameworks */,
			);
			buildRules = (
			);
			dependencies = (
			);
			name = UsingLibSample;
			productName = UsingLibSample;
			productReference = C0C246AE2551B76A00B9865C /* UsingLibSample.app */;
			productType = "com.apple.product-type.application";
		};
/* End PBXNativeTarget section */

/* Begin PBXProject section */
		C0C246A62551B76A00B9865C /* Project object */ = {
			isa = PBXProject;
			attributes = {
				LastSwiftUpdateCheck = 1200;
				LastUpgradeCheck = 1210;
				TargetAttributes = {
					C0C246AD2551B76A00B9865C = {
						CreatedOnToolsVersion = 12.0.1;
					};
				};
			};
			buildConfigurationList = C0C246A92551B76A00B9865C /* Build configuration list for PBXProject "UsingLibSample" */;
			compatibilityVersion = "Xcode 9.3";
			developmentRegion = en;
			hasScannedForEncodings = 0;
			knownRegions = (
				en,
				Base,
			);
			mainGroup = C0C246A52551B76A00B9865C;
			productRefGroup = C0C246AF2551B76A00B9865C /* Products */;
			projectDirPath = "";
			projectRoot = "";
			targets = (
				C0C246AD2551B76A00B9865C /* UsingLibSample */,
			);
		};
/* End PBXProject section */

/* Begin PBXResourcesBuildPhase section */
		C0C246AC2551B76A00B9865C /* Resources */ = {
			isa = PBXResourcesBuildPhase;
			buildActionMask = 2147483647;
			files = (
				C0C246BE2551B77000B9865C /* LaunchScreen.storyboard in Resources */,
				C0C246BB2551B77000B9865C /* Assets.xcassets in Resources */,
				C0C246B92551B76A00B9865C /* Main.storyboard in Resources */,
			);
			runOnlyForDeploymentPostprocessing = 0;
		};
/* End PBXResourcesBuildPhase section */

/* Begin PBXShellScriptBuildPhase section */
		2BB896A481C51F6C197F12E7 /* [CP] Check Pods Manifest.lock */ = {
			isa = PBXShellScriptBuildPhase;
			buildActionMask = 2147483647;
			files = (
			);
			inputFileListPaths = (
			);
			inputPaths = (
				"${PODS_PODFILE_DIR_PATH}/Podfile.lock",
				"${PODS_ROOT}/Manifest.lock",
			);
			name = "[CP] Check Pods Manifest.lock";
			outputFileListPaths = (
			);
			outputPaths = (
				"$(DERIVED_FILE_DIR)/Pods-UsingLibSample-checkManifestLockResult.txt",
			);
			runOnlyForDeploymentPostprocessing = 0;
			shellPath = /bin/sh;
			shellScript = "diff \"${PODS_PODFILE_DIR_PATH}/Podfile.lock\" \"${PODS_ROOT}/Manifest.lock\" > /dev/null\nif [ $? != 0 ] ; then\n    # print error to STDERR\n    echo \"error: The sandbox is not in sync with the Podfile.lock. Run 'pod install' or update your CocoaPods installation.\" >&2\n    exit 1\nfi\n# This output is used by Xcode 'outputs' to avoid re-running this script phase.\necho \"SUCCESS\" > \"${SCRIPT_OUTPUT_FILE_0}\"\n";
			showEnvVarsInLog = 0;
		};
		59B842BFFCEA57BD0F36DAB0 /* [CP] Embed Pods Frameworks */ = {
			isa = PBXShellScriptBuildPhase;
			buildActionMask = 2147483647;
			files = (
			);
			inputFileListPaths = (
				"${PODS_ROOT}/Target Support Files/Pods-UsingLibSample/Pods-UsingLibSample-frameworks-${CONFIGURATION}-input-files.xcfilelist",
			);
			name = "[CP] Embed Pods Frameworks";
			outputFileListPaths = (
				"${PODS_ROOT}/Target Support Files/Pods-UsingLibSample/Pods-UsingLibSample-frameworks-${CONFIGURATION}-output-files.xcfilelist",
			);
			runOnlyForDeploymentPostprocessing = 0;
			shellPath = /bin/sh;
			shellScript = "\"${PODS_ROOT}/Target Support Files/Pods-UsingLibSample/Pods-UsingLibSample-frameworks.sh\"\n";
			showEnvVarsInLog = 0;
		};
/* End PBXShellScriptBuildPhase section */

/* Begin PBXSourcesBuildPhase section */
		C0C246AA2551B76A00B9865C /* Sources */ = {
			isa = PBXSourcesBuildPhase;
			buildActionMask = 2147483647;
			files = (
				C0C246B62551B76A00B9865C /* ViewController.swift in Sources */,
				C0C246B22551B76A00B9865C /* AppDelegate.swift in Sources */,
			);
			runOnlyForDeploymentPostprocessing = 0;
		};
/* End PBXSourcesBuildPhase section */

/* Begin PBXVariantGroup section */
		C0C246B72551B76A00B9865C /* Main.storyboard */ = {
			isa = PBXVariantGroup;
			children = (
				C0C246B82551B76A00B9865C /* Base */,
			);
			name = Main.storyboard;
			sourceTree = "<group>";
		};
		C0C246BC2551B77000B9865C /* LaunchScreen.storyboard */ = {
			isa = PBXVariantGroup;
			children = (
				C0C246BD2551B77000B9865C /* Base */,
			);
			name = LaunchScreen.storyboard;
			sourceTree = "<group>";
		};
/* End PBXVariantGroup section */

/* Begin XCBuildConfiguration section */
		C0C246C02551B77000B9865C /* Debug */ = {
			isa = XCBuildConfiguration;
			buildSettings = {
				ALWAYS_SEARCH_USER_PATHS = NO;
				CLANG_ANALYZER_NONNULL = YES;
				CLANG_ANALYZER_NUMBER_OBJECT_CONVERSION = YES_AGGRESSIVE;
				CLANG_CXX_LANGUAGE_STANDARD = "gnu++14";
				CLANG_CXX_LIBRARY = "libc++";
				CLANG_ENABLE_MODULES = YES;
				CLANG_ENABLE_OBJC_ARC = YES;
				CLANG_ENABLE_OBJC_WEAK = YES;
				CLANG_WARN_BLOCK_CAPTURE_AUTORELEASING = YES;
				CLANG_WARN_BOOL_CONVERSION = YES;
				CLANG_WARN_COMMA = YES;
				CLANG_WARN_CONSTANT_CONVERSION = YES;
				CLANG_WARN_DEPRECATED_OBJC_IMPLEMENTATIONS = YES;
				CLANG_WARN_DIRECT_OBJC_ISA_USAGE = YES_ERROR;
				CLANG_WARN_DOCUMENTATION_COMMENTS = YES;
				CLANG_WARN_EMPTY_BODY = YES;
				CLANG_WARN_ENUM_CONVERSION = YES;
				CLANG_WARN_INFINITE_RECURSION = YES;
				CLANG_WARN_INT_CONVERSION = YES;
				CLANG_WARN_NON_LITERAL_NULL_CONVERSION = YES;
				CLANG_WARN_OBJC_IMPLICIT_RETAIN_SELF = YES;
				CLANG_WARN_OBJC_LITERAL_CONVERSION = YES;
				CLANG_WARN_OBJC_ROOT_CLASS = YES_ERROR;
				CLANG_WARN_QUOTED_INCLUDE_IN_FRAMEWORK_HEADER = YES;
				CLANG_WARN_RANGE_LOOP_ANALYSIS = YES;
				CLANG_WARN_STRICT_PROTOTYPES = YES;
				CLANG_WARN_SUSPICIOUS_MOVE = YES;
				CLANG_WARN_UNGUARDED_AVAILABILITY = YES_AGGRESSIVE;
				CLANG_WARN_UNREACHABLE_CODE = YES;
				CLANG_WARN__DUPLICATE_METHOD_MATCH = YES;
				COPY_PHASE_STRIP = NO;
				DEBUG_INFORMATION_FORMAT = dwarf;
				ENABLE_STRICT_OBJC_MSGSEND = YES;
				ENABLE_TESTABILITY = YES;
				GCC_C_LANGUAGE_STANDARD = gnu11;
				GCC_DYNAMIC_NO_PIC = NO;
				GCC_NO_COMMON_BLOCKS = YES;
				GCC_OPTIMIZATION_LEVEL = 0;
				GCC_PREPROCESSOR_DEFINITIONS = (
					"DEBUG=1",
					"$(inherited)",
				);
				GCC_WARN_64_TO_32_BIT_CONVERSION = YES;
				GCC_WARN_ABOUT_RETURN_TYPE = YES_ERROR;
				GCC_WARN_UNDECLARED_SELECTOR = YES;
				GCC_WARN_UNINITIALIZED_AUTOS = YES_AGGRESSIVE;
				GCC_WARN_UNUSED_FUNCTION = YES;
				GCC_WARN_UNUSED_VARIABLE = YES;
				IPHONEOS_DEPLOYMENT_TARGET = 11.0;
				MTL_ENABLE_DEBUG_INFO = INCLUDE_SOURCE;
				MTL_FAST_MATH = YES;
				ONLY_ACTIVE_ARCH = YES;
				SDKROOT = iphoneos;
				SWIFT_ACTIVE_COMPILATION_CONDITIONS = DEBUG;
				SWIFT_OPTIMIZATION_LEVEL = "-Onone";
			};
			name = Debug;
		};
		C0C246C12551B77000B9865C /* Release */ = {
			isa = XCBuildConfiguration;
			buildSettings = {
				ALWAYS_SEARCH_USER_PATHS = NO;
				CLANG_ANALYZER_NONNULL = YES;
				CLANG_ANALYZER_NUMBER_OBJECT_CONVERSION = YES_AGGRESSIVE;
				CLANG_CXX_LANGUAGE_STANDARD = "gnu++14";
				CLANG_CXX_LIBRARY = "libc++";
				CLANG_ENABLE_MODULES = YES;
				CLANG_ENABLE_OBJC_ARC = YES;
				CLANG_ENABLE_OBJC_WEAK = YES;
				CLANG_WARN_BLOCK_CAPTURE_AUTORELEASING = YES;
				CLANG_WARN_BOOL_CONVERSION = YES;
				CLANG_WARN_COMMA = YES;
				CLANG_WARN_CONSTANT_CONVERSION = YES;
				CLANG_WARN_DEPRECATED_OBJC_IMPLEMENTATIONS = YES;
				CLANG_WARN_DIRECT_OBJC_ISA_USAGE = YES_ERROR;
				CLANG_WARN_DOCUMENTATION_COMMENTS = YES;
				CLANG_WARN_EMPTY_BODY = YES;
				CLANG_WARN_ENUM_CONVERSION = YES;
				CLANG_WARN_INFINITE_RECURSION = YES;
				CLANG_WARN_INT_CONVERSION = YES;
				CLANG_WARN_NON_LITERAL_NULL_CONVERSION = YES;
				CLANG_WARN_OBJC_IMPLICIT_RETAIN_SELF = YES;
				CLANG_WARN_OBJC_LITERAL_CONVERSION = YES;
				CLANG_WARN_OBJC_ROOT_CLASS = YES_ERROR;
				CLANG_WARN_QUOTED_INCLUDE_IN_FRAMEWORK_HEADER = YES;
				CLANG_WARN_RANGE_LOOP_ANALYSIS = YES;
				CLANG_WARN_STRICT_PROTOTYPES = YES;
				CLANG_WARN_SUSPICIOUS_MOVE = YES;
				CLANG_WARN_UNGUARDED_AVAILABILITY = YES_AGGRESSIVE;
				CLANG_WARN_UNREACHABLE_CODE = YES;
				CLANG_WARN__DUPLICATE_METHOD_MATCH = YES;
				COPY_PHASE_STRIP = NO;
				DEBUG_INFORMATION_FORMAT = "dwarf-with-dsym";
				ENABLE_NS_ASSERTIONS = NO;
				ENABLE_STRICT_OBJC_MSGSEND = YES;
				GCC_C_LANGUAGE_STANDARD = gnu11;
				GCC_NO_COMMON_BLOCKS = YES;
				GCC_WARN_64_TO_32_BIT_CONVERSION = YES;
				GCC_WARN_ABOUT_RETURN_TYPE = YES_ERROR;
				GCC_WARN_UNDECLARED_SELECTOR = YES;
				GCC_WARN_UNINITIALIZED_AUTOS = YES_AGGRESSIVE;
				GCC_WARN_UNUSED_FUNCTION = YES;
				GCC_WARN_UNUSED_VARIABLE = YES;
				IPHONEOS_DEPLOYMENT_TARGET = 11.0;
				MTL_ENABLE_DEBUG_INFO = NO;
				MTL_FAST_MATH = YES;
				SDKROOT = iphoneos;
				SWIFT_COMPILATION_MODE = wholemodule;
				SWIFT_OPTIMIZATION_LEVEL = "-O";
				VALIDATE_PRODUCT = YES;
			};
			name = Release;
		};
		C0C246C32551B77000B9865C /* Debug */ = {
			isa = XCBuildConfiguration;
			baseConfigurationReference = 79E8DE6698C5925C79D6A98B /* Pods-UsingLibSample.debug.xcconfig */;
			buildSettings = {
				ASSETCATALOG_COMPILER_APPICON_NAME = AppIcon;
				ASSETCATALOG_COMPILER_GLOBAL_ACCENT_COLOR_NAME = AccentColor;
				CODE_SIGN_STYLE = Automatic;
				DEVELOPMENT_TEAM = 954C95V3JL;
				INFOPLIST_FILE = UsingLibSample/Info.plist;
				IPHONEOS_DEPLOYMENT_TARGET = 11.0;
				LD_RUNPATH_SEARCH_PATHS = (
					"$(inherited)",
					"@executable_path/Frameworks",
				);
				PRODUCT_BUNDLE_IDENTIFIER = com.miituo.usinglib;
				PRODUCT_NAME = "$(TARGET_NAME)";
				SWIFT_VERSION = 5.0;
				TARGETED_DEVICE_FAMILY = 1;
			};
			name = Debug;
		};
		C0C246C42551B77000B9865C /* Release */ = {
			isa = XCBuildConfiguration;
			baseConfigurationReference = 7D9CD1798CB14E0B61D505A2 /* Pods-UsingLibSample.release.xcconfig */;
			buildSettings = {
				ASSETCATALOG_COMPILER_APPICON_NAME = AppIcon;
				ASSETCATALOG_COMPILER_GLOBAL_ACCENT_COLOR_NAME = AccentColor;
				CODE_SIGN_STYLE = Automatic;
				DEVELOPMENT_TEAM = 954C95V3JL;
				INFOPLIST_FILE = UsingLibSample/Info.plist;
				IPHONEOS_DEPLOYMENT_TARGET = 11.0;
				LD_RUNPATH_SEARCH_PATHS = (
					"$(inherited)",
					"@executable_path/Frameworks",
				);
				PRODUCT_BUNDLE_IDENTIFIER = com.miituo.usinglib;
				PRODUCT_NAME = "$(TARGET_NAME)";
				SWIFT_VERSION = 5.0;
				TARGETED_DEVICE_FAMILY = 1;
			};
			name = Release;
		};
/* End XCBuildConfiguration section */

/* Begin XCConfigurationList section */
		C0C246A92551B76A00B9865C /* Build configuration list for PBXProject "UsingLibSample" */ = {
			isa = XCConfigurationList;
			buildConfigurations = (
				C0C246C02551B77000B9865C /* Debug */,
				C0C246C12551B77000B9865C /* Release */,
			);
			defaultConfigurationIsVisible = 0;
			defaultConfigurationName = Release;
		};
		C0C246C22551B77000B9865C /* Build configuration list for PBXNativeTarget "UsingLibSample" */ = {
			isa = XCConfigurationList;
			buildConfigurations = (
				C0C246C32551B77000B9865C /* Debug */,
				C0C246C42551B77000B9865C /* Release */,
			);
			defaultConfigurationIsVisible = 0;
			defaultConfigurationName = Release;
		};
/* End XCConfigurationList section */
	};
	rootObject = C0C246A62551B76A00B9865C /* Project object */;
}
